// !$*UTF8*$!
{
	archiveVersion = 1;
	classes = {
	};
	objectVersion = 46;
	objects = {

/* Begin PBXBuildFile section */
		8A1B20231F6962AA002F0322 /* AppDelegate.swift in Sources */ = {isa = PBXBuildFile; fileRef = 8A1B20221F6962AA002F0322 /* AppDelegate.swift */; };
		8A1B20251F6962AA002F0322 /* ViewController.swift in Sources */ = {isa = PBXBuildFile; fileRef = 8A1B20241F6962AA002F0322 /* ViewController.swift */; };
		8A1B20281F6962AA002F0322 /* Main.storyboard in Resources */ = {isa = PBXBuildFile; fileRef = 8A1B20261F6962AA002F0322 /* Main.storyboard */; };
		8A1B202A1F6962AA002F0322 /* Assets.xcassets in Resources */ = {isa = PBXBuildFile; fileRef = 8A1B20291F6962AA002F0322 /* Assets.xcassets */; };
		8A1B202D1F6962AA002F0322 /* LaunchScreen.storyboard in Resources */ = {isa = PBXBuildFile; fileRef = 8A1B202B1F6962AA002F0322 /* LaunchScreen.storyboard */; };
		8A1B20371F69654F002F0322 /* HeaderView.swift in Sources */ = {isa = PBXBuildFile; fileRef = 8A1B20351F69654F002F0322 /* HeaderView.swift */; };
		8A1B20381F69654F002F0322 /* HeaderView.xib in Resources */ = {isa = PBXBuildFile; fileRef = 8A1B20361F69654F002F0322 /* HeaderView.xib */; };
		C53F7594924FD45D252AFC69 /* Pods_CountDownTimer.framework in Frameworks */ = {isa = PBXBuildFile; fileRef = FEAD0F079F9721595E724BF9 /* Pods_CountDownTimer.framework */; };
/* End PBXBuildFile section */

/* Begin PBXFileReference section */
		8A1B201F1F6962AA002F0322 /* CountDownTimer.app */ = {isa = PBXFileReference; explicitFileType = wrapper.application; includeInIndex = 0; path = CountDownTimer.app; sourceTree = BUILT_PRODUCTS_DIR; };
		8A1B20221F6962AA002F0322 /* AppDelegate.swift */ = {isa = PBXFileReference; lastKnownFileType = sourcecode.swift; path = AppDelegate.swift; sourceTree = "<group>"; };
		8A1B20241F6962AA002F0322 /* ViewController.swift */ = {isa = PBXFileReference; lastKnownFileType = sourcecode.swift; path = ViewController.swift; sourceTree = "<group>"; };
		8A1B20271F6962AA002F0322 /* Base */ = {isa = PBXFileReference; lastKnownFileType = file.storyboard; name = Base; path = Base.lproj/Main.storyboard; sourceTree = "<group>"; };
		8A1B20291F6962AA002F0322 /* Assets.xcassets */ = {isa = PBXFileReference; lastKnownFileType = folder.assetcatalog; path = Assets.xcassets; sourceTree = "<group>"; };
		8A1B202C1F6962AA002F0322 /* Base */ = {isa = PBXFileReference; lastKnownFileType = file.storyboard; name = Base; path = Base.lproj/LaunchScreen.storyboard; sourceTree = "<group>"; };
		8A1B202E1F6962AA002F0322 /* Info.plist */ = {isa = PBXFileReference; lastKnownFileType = text.plist.xml; path = Info.plist; sourceTree = "<group>"; };
		8A1B20351F69654F002F0322 /* HeaderView.swift */ = {isa = PBXFileReference; fileEncoding = 4; lastKnownFileType = sourcecode.swift; path = HeaderView.swift; sourceTree = "<group>"; };
		8A1B20361F69654F002F0322 /* HeaderView.xib */ = {isa = PBXFileReference; fileEncoding = 4; lastKnownFileType = file.xib; path = HeaderView.xib; sourceTree = "<group>"; };
		BFB711DDD6B4090CE8A0DA72 /* Pods-CountDownTimer.debug.xcconfig */ = {isa = PBXFileReference; includeInIndex = 1; lastKnownFileType = text.xcconfig; name = "Pods-CountDownTimer.debug.xcconfig"; path = "Pods/Target Support Files/Pods-CountDownTimer/Pods-CountDownTimer.debug.xcconfig"; sourceTree = "<group>"; };
		F381765C19263037F615164A /* Pods-CountDownTimer.release.xcconfig */ = {isa = PBXFileReference; includeInIndex = 1; lastKnownFileType = text.xcconfig; name = "Pods-CountDownTimer.release.xcconfig"; path = "Pods/Target Support Files/Pods-CountDownTimer/Pods-CountDownTimer.release.xcconfig"; sourceTree = "<group>"; };
		FEAD0F079F9721595E724BF9 /* Pods_CountDownTimer.framework */ = {isa = PBXFileReference; explicitFileType = wrapper.framework; includeInIndex = 0; path = Pods_CountDownTimer.framework; sourceTree = BUILT_PRODUCTS_DIR; };
/* End PBXFileReference section */

/* Begin PBXFrameworksBuildPhase section */
		8A1B201C1F6962AA002F0322 /* Frameworks */ = {
			isa = PBXFrameworksBuildPhase;
			buildActionMask = 2147483647;
			files = (
				C53F7594924FD45D252AFC69 /* Pods_CountDownTimer.framework in Frameworks */,
			);
			runOnlyForDeploymentPostprocessing = 0;
		};
/* End PBXFrameworksBuildPhase section */

/* Begin PBXGroup section */
		19703E72F5134F0C2E6A2341 /* Pods */ = {
			isa = PBXGroup;
			children = (
				BFB711DDD6B4090CE8A0DA72 /* Pods-CountDownTimer.debug.xcconfig */,
				F381765C19263037F615164A /* Pods-CountDownTimer.release.xcconfig */,
			);
			name = Pods;
			sourceTree = "<group>";
		};
		6D2777B931C995A063F5003D /* Frameworks */ = {
			isa = PBXGroup;
			children = (
				FEAD0F079F9721595E724BF9 /* Pods_CountDownTimer.framework */,
			);
			name = Frameworks;
			sourceTree = "<group>";
		};
		8A1B20161F6962AA002F0322 = {
			isa = PBXGroup;
			children = (
				8A1B20211F6962AA002F0322 /* CountDownTimer */,
				8A1B20201F6962AA002F0322 /* Products */,
				19703E72F5134F0C2E6A2341 /* Pods */,
				6D2777B931C995A063F5003D /* Frameworks */,
			);
			sourceTree = "<group>";
		};
		8A1B20201F6962AA002F0322 /* Products */ = {
			isa = PBXGroup;
			children = (
				8A1B201F1F6962AA002F0322 /* CountDownTimer.app */,
			);
			name = Products;
			sourceTree = "<group>";
		};
		8A1B20211F6962AA002F0322 /* CountDownTimer */ = {
			isa = PBXGroup;
			children = (
				8A1B20341F69652E002F0322 /* View */,
				8A1B20221F6962AA002F0322 /* AppDelegate.swift */,
				8A1B20241F6962AA002F0322 /* ViewController.swift */,
				8A1B20261F6962AA002F0322 /* Main.storyboard */,
				8A1B20291F6962AA002F0322 /* Assets.xcassets */,
				8A1B202B1F6962AA002F0322 /* LaunchScreen.storyboard */,
				8A1B202E1F6962AA002F0322 /* Info.plist */,
			);
			path = CountDownTimer;
			sourceTree = "<group>";
		};
		8A1B20341F69652E002F0322 /* View */ = {
			isa = PBXGroup;
			children = (
				8A1B20351F69654F002F0322 /* HeaderView.swift */,
				8A1B20361F69654F002F0322 /* HeaderView.xib */,
			);
			name = View;
			sourceTree = "<group>";
		};
/* End PBXGroup section */

/* Begin PBXNativeTarget section */
		8A1B201E1F6962AA002F0322 /* CountDownTimer */ = {
			isa = PBXNativeTarget;
			buildConfigurationList = 8A1B20311F6962AA002F0322 /* Build configuration list for PBXNativeTarget "CountDownTimer" */;
			buildPhases = (
				B01142E9F86A9D08A5933932 /* [CP] Check Pods Manifest.lock */,
				8A1B201B1F6962AA002F0322 /* Sources */,
				8A1B201C1F6962AA002F0322 /* Frameworks */,
				8A1B201D1F6962AA002F0322 /* Resources */,
				E4C8C9432C3EFA3D8BDA7380 /* [CP] Embed Pods Frameworks */,
				DC846D4B38C81AB14BBC9694 /* [CP] Copy Pods Resources */,
			);
			buildRules = (
			);
			dependencies = (
			);
			name = CountDownTimer;
			productName = CountDownTimer;
			productReference = 8A1B201F1F6962AA002F0322 /* CountDownTimer.app */;
			productType = "com.apple.product-type.application";
		};
/* End PBXNativeTarget section */

/* Begin PBXProject section */
		8A1B20171F6962AA002F0322 /* Project object */ = {
			isa = PBXProject;
			attributes = {
				LastSwiftUpdateCheck = 0830;
				LastUpgradeCheck = 0830;
				ORGANIZATIONNAME = "Kamal Sampath Upasena";
				TargetAttributes = {
					8A1B201E1F6962AA002F0322 = {
						CreatedOnToolsVersion = 8.3.2;
						ProvisioningStyle = Automatic;
					};
				};
			};
			buildConfigurationList = 8A1B201A1F6962AA002F0322 /* Build configuration list for PBXProject "CountDownTimer" */;
			compatibilityVersion = "Xcode 3.2";
			developmentRegion = English;
			hasScannedForEncodings = 0;
			knownRegions = (
				en,
				Base,
			);
			mainGroup = 8A1B20161F6962AA002F0322;
			productRefGroup = 8A1B20201F6962AA002F0322 /* Products */;
			projectDirPath = "";
			projectRoot = "";
			targets = (
				8A1B201E1F6962AA002F0322 /* CountDownTimer */,
			);
		};
/* End PBXProject section */

/* Begin PBXResourcesBuildPhase section */
		8A1B201D1F6962AA002F0322 /* Resources */ = {
			isa = PBXResourcesBuildPhase;
			buildActionMask = 2147483647;
			files = (
				8A1B202D1F6962AA002F0322 /* LaunchScreen.storyboard in Resources */,
				8A1B202A1F6962AA002F0322 /* Assets.xcassets in Resources */,
				8A1B20281F6962AA002F0322 /* Main.storyboard in Resources */,
				8A1B20381F69654F002F0322 /* HeaderView.xib in Resources */,
			);
			runOnlyForDeploymentPostprocessing = 0;
		};
/* End PBXResourcesBuildPhase section */

/* Begin PBXShellScriptBuildPhase section */
		B01142E9F86A9D08A5933932 /* [CP] Check Pods Manifest.lock */ = {
			isa = PBXShellScriptBuildPhase;
			buildActionMask = 2147483647;
			files = (
			);
			inputPaths = (
			);
			name = "[CP] Check Pods Manifest.lock";
			outputPaths = (
			);
			runOnlyForDeploymentPostprocessing = 0;
			shellPath = /bin/sh;
			shellScript = "diff \"${PODS_PODFILE_DIR_PATH}/Podfile.lock\" \"${PODS_ROOT}/Manifest.lock\" > /dev/null\nif [ $? != 0 ] ; then\n    # print error to STDERR\n    echo \"error: The sandbox is not in sync with the Podfile.lock. Run 'pod install' or update your CocoaPods installation.\" >&2\n    exit 1\nfi\n";
			showEnvVarsInLog = 0;
		};
		DC846D4B38C81AB14BBC9694 /* [CP] Copy Pods Resources */ = {
			isa = PBXShellScriptBuildPhase;
			buildActionMask = 2147483647;
			files = (
			);
			inputPaths = (
			);
			name = "[CP] Copy Pods Resources";
			outputPaths = (
			);
			runOnlyForDeploymentPostprocessing = 0;
			shellPath = /bin/sh;
			shellScript = "\"${SRCROOT}/Pods/Target Support Files/Pods-CountDownTimer/Pods-CountDownTimer-resources.sh\"\n";
			showEnvVarsInLog = 0;
		};
		E4C8C9432C3EFA3D8BDA7380 /* [CP] Embed Pods Frameworks */ = {
			isa = PBXShellScriptBuildPhase;
			buildActionMask = 2147483647;
			files = (
			);
			inputPaths = (
			);
			name = "[CP] Embed Pods Frameworks";
			outputPaths = (
			);
			runOnlyForDeploymentPostprocessing = 0;
			shellPath = /bin/sh;
			shellScript = "\"${SRCROOT}/Pods/Target Support Files/Pods-CountDownTimer/Pods-CountDownTimer-frameworks.sh\"\n";
			showEnvVarsInLog = 0;
		};
/* End PBXShellScriptBuildPhase section */

/* Begin PBXSourcesBuildPhase section */
		8A1B201B1F6962AA002F0322 /* Sources */ = {
			isa = PBXSourcesBuildPhase;
			buildActionMask = 2147483647;
			files = (
				8A1B20251F6962AA002F0322 /* ViewController.swift in Sources */,
				8A1B20371F69654F002F0322 /* HeaderView.swift in Sources */,
				8A1B20231F6962AA002F0322 /* AppDelegate.swift in Sources */,
			);
			runOnlyForDeploymentPostprocessing = 0;
		};
/* End PBXSourcesBuildPhase section */

/* Begin PBXVariantGroup section */
		8A1B20261F6962AA002F0322 /* Main.storyboard */ = {
			isa = PBXVariantGroup;
			children = (
				8A1B20271F6962AA002F0322 /* Base */,
			);
			name = Main.storyboard;
			sourceTree = "<group>";
		};
		8A1B202B1F6962AA002F0322 /* LaunchScreen.storyboard */ = {
			isa = PBXVariantGroup;
			children = (
				8A1B202C1F6962AA002F0322 /* Base */,
			);
			name = LaunchScreen.storyboard;
			sourceTree = "<group>";
		};
/* End PBXVariantGroup section */

/* Begin XCBuildConfiguration section */
		8A1B202F1F6962AA002F0322 /* Debug */ = {
			isa = XCBuildConfiguration;
			buildSettings = {
				ALWAYS_SEARCH_USER_PATHS = NO;
				CLANG_ANALYZER_NONNULL = YES;
				CLANG_ANALYZER_NUMBER_OBJECT_CONVERSION = YES_AGGRESSIVE;
				CLANG_CXX_LANGUAGE_STANDARD = "gnu++0x";
				CLANG_CXX_LIBRARY = "libc++";
				CLANG_ENABLE_MODULES = YES;
				CLANG_ENABLE_OBJC_ARC = YES;
				CLANG_WARN_BOOL_CONVERSION = YES;
				CLANG_WARN_CONSTANT_CONVERSION = YES;
				CLANG_WARN_DIRECT_OBJC_ISA_USAGE = YES_ERROR;
				CLANG_WARN_DOCUMENTATION_COMMENTS = YES;
				CLANG_WARN_EMPTY_BODY = YES;
				CLANG_WARN_ENUM_CONVERSION = YES;
				CLANG_WARN_INFINITE_RECURSION = YES;
				CLANG_WARN_INT_CONVERSION = YES;
				CLANG_WARN_OBJC_ROOT_CLASS = YES_ERROR;
				CLANG_WARN_SUSPICIOUS_MOVE = YES;
				CLANG_WARN_UNREACHABLE_CODE = YES;
				CLANG_WARN__DUPLICATE_METHOD_MATCH = YES;
				"CODE_SIGN_IDENTITY[sdk=iphoneos*]" = "iPhone Developer";
				COPY_PHASE_STRIP = NO;
				DEBUG_INFORMATION_FORMAT = dwarf;
				ENABLE_STRICT_OBJC_MSGSEND = YES;
				ENABLE_TESTABILITY = YES;
				GCC_C_LANGUAGE_STANDARD = gnu99;
				GCC_DYNAMIC_NO_PIC = NO;
				GCC_NO_COMMON_BLOCKS = YES;
				GCC_OPTIMIZATION_LEVEL = 0;
				GCC_PREPROCESSOR_DEFINITIONS = (
					"DEBUG=1",
					"$(inherited)",
				);
				GCC_WARN_64_TO_32_BIT_CONVERSION = YES;
				GCC_WARN_ABOUT_RETURN_TYPE = YES_ERROR;
				GCC_WARN_UNDECLARED_SELECTOR = YES;
				GCC_WARN_UNINITIALIZED_AUTOS = YES_AGGRESSIVE;
				GCC_WARN_UNUSED_FUNCTION = YES;
				GCC_WARN_UNUSED_VARIABLE = YES;
				IPHONEOS_DEPLOYMENT_TARGET = 10.3;
				MTL_ENABLE_DEBUG_INFO = YES;
				ONLY_ACTIVE_ARCH = YES;
				SDKROOT = iphoneos;
				SWIFT_ACTIVE_COMPILATION_CONDITIONS = DEBUG;
				SWIFT_OPTIMIZATION_LEVEL = "-Onone";
				TARGETED_DEVICE_FAMILY = "1,2";
			};
			name = Debug;
		};
		8A1B20301F6962AA002F0322 /* Release */ = {
			isa = XCBuildConfiguration;
			buildSettings = {
				ALWAYS_SEARCH_USER_PATHS = NO;
				CLANG_ANALYZER_NONNULL = YES;
				CLANG_ANALYZER_NUMBER_OBJECT_CONVERSION = YES_AGGRESSIVE;
				CLANG_CXX_LANGUAGE_STANDARD = "gnu++0x";
				CLANG_CXX_LIBRARY = "libc++";
				CLANG_ENABLE_MODULES = YES;
				CLANG_ENABLE_OBJC_ARC = YES;
				CLANG_WARN_BOOL_CONVERSION = YES;
				CLANG_WARN_CONSTANT_CONVERSION = YES;
				CLANG_WARN_DIRECT_OBJC_ISA_USAGE = YES_ERROR;
				CLANG_WARN_DOCUMENTATION_COMMENTS = YES;
				CLANG_WARN_EMPTY_BODY = YES;
				CLANG_WARN_ENUM_CONVERSION = YES;
				CLANG_WARN_INFINITE_RECURSION = YES;
				CLANG_WARN_INT_CONVERSION = YES;
				CLANG_WARN_OBJC_ROOT_CLASS = YES_ERROR;
				CLANG_WARN_SUSPICIOUS_MOVE = YES;
				CLANG_WARN_UNREACHABLE_CODE = YES;
				CLANG_WARN__DUPLICATE_METHOD_MATCH = YES;
				"CODE_SIGN_IDENTITY[sdk=iphoneos*]" = "iPhone Developer";
				COPY_PHASE_STRIP = NO;
				DEBUG_INFORMATION_FORMAT = "dwarf-with-dsym";
				ENABLE_NS_ASSERTIONS = NO;
				ENABLE_STRICT_OBJC_MSGSEND = YES;
				GCC_C_LANGUAGE_STANDARD = gnu99;
				GCC_NO_COMMON_BLOCKS = YES;
				GCC_WARN_64_TO_32_BIT_CONVERSION = YES;
				GCC_WARN_ABOUT_RETURN_TYPE = YES_ERROR;
				GCC_WARN_UNDECLARED_SELECTOR = YES;
				GCC_WARN_UNINITIALIZED_AUTOS = YES_AGGRESSIVE;
				GCC_WARN_UNUSED_FUNCTION = YES;
				GCC_WARN_UNUSED_VARIABLE = YES;
				IPHONEOS_DEPLOYMENT_TARGET = 10.3;
				MTL_ENABLE_DEBUG_INFO = NO;
				SDKROOT = iphoneos;
				SWIFT_OPTIMIZATION_LEVEL = "-Owholemodule";
				TARGETED_DEVICE_FAMILY = "1,2";
				VALIDATE_PRODUCT = YES;
			};
			name = Release;
		};
		8A1B20321F6962AA002F0322 /* Debug */ = {
			isa = XCBuildConfiguration;
			baseConfigurationReference = BFB711DDD6B4090CE8A0DA72 /* Pods-CountDownTimer.debug.xcconfig */;
			buildSettings = {
				ASSETCATALOG_COMPILER_APPICON_NAME = AppIcon;
				INFOPLIST_FILE = CountDownTimer/Info.plist;
				LD_RUNPATH_SEARCH_PATHS = "$(inherited) @executable_path/Frameworks";
				PRODUCT_BUNDLE_IDENTIFIER = lk.root.CountDownTimer;
				PRODUCT_NAME = "$(TARGET_NAME)";
				SWIFT_VERSION = 3.0;
			};
			name = Debug;
		};
		8A1B20331F6962AA002F0322 /* Release */ = {
			isa = XCBuildConfiguration;
			baseConfigurationReference = F381765C19263037F615164A /* Pods-CountDownTimer.release.xcconfig */;
			buildSettings = {
				ASSETCATALOG_COMPILER_APPICON_NAME = AppIcon;
				INFOPLIST_FILE = CountDownTimer/Info.plist;
				LD_RUNPATH_SEARCH_PATHS = "$(inherited) @executable_path/Frameworks";
				PRODUCT_BUNDLE_IDENTIFIER = lk.root.CountDownTimer;
				PRODUCT_NAME = "$(TARGET_NAME)";
				SWIFT_VERSION = 3.0;
			};
			name = Release;
		};
/* End XCBuildConfiguration section */

/* Begin XCConfigurationList section */
		8A1B201A1F6962AA002F0322 /* Build configuration list for PBXProject "CountDownTimer" */ = {
			isa = XCConfigurationList;
			buildConfigurations = (
				8A1B202F1F6962AA002F0322 /* Debug */,
				8A1B20301F6962AA002F0322 /* Release */,
			);
			defaultConfigurationIsVisible = 0;
			defaultConfigurationName = Release;
		};
		8A1B20311F6962AA002F0322 /* Build configuration list for PBXNativeTarget "CountDownTimer" */ = {
			isa = XCConfigurationList;
			buildConfigurations = (
				8A1B20321F6962AA002F0322 /* Debug */,
				8A1B20331F6962AA002F0322 /* Release */,
			);
			defaultConfigurationIsVisible = 0;
			defaultConfigurationName = Release;
		};
/* End XCConfigurationList section */
	};
	rootObject = 8A1B20171F6962AA002F0322 /* Project object */;
}
